{
  "name": "@wasm-gaming/rsdkv5-wasm",
  "version": "0.1.0",
  "lockfileVersion": 3,
  "requires": true,
  "packages": {
    "": {
      "name": "@wasm-gaming/rsdkv5-wasm",
      "version": "0.1.0",
      "license": "MIT",
      "devDependencies": {
        "@wasm-gaming/engine-specs": "^0.1.0",
        "typescript": "^5.5.0"
      },
      "peerDependencies": {
        "@wasm-gaming/engine-specs": "*"
      },
      "peerDependenciesMeta": {
        "@wasm-gaming/engine-specs": {
          "optional": true
        }
      }
    },
    "node_modules/@wasm-gaming/engine-specs": {
      "version": "0.1.9",
      "resolved": "https://registry.npmjs.org/@wasm-gaming/engine-specs/-/engine-specs-0.1.9.tgz",
      "integrity": "sha512-jh8t3JFXTTgk3eMHWrnQMgP5KofpH8MabYuo9Bj7XoTIA+zVVmrzo3/mmMa2SsLVZQm7we6KZTlnfI4PDaLl3g==",
      "dev": true,
      "license": "MIT",
      "dependencies": {
        "zod": "^4.4.3"
      }
    },
    "node_modules/typescript": {
      "version": "5.9.3",
      "resolved": "https://registry.npmjs.org/typescript/-/typescript-5.9.3.tgz",
      "integrity": "sha512-jl1vZzPDinLr9eUt3J/t7V6FgNEw9QjvBPdysz9KfQDD41fQrC2Y4vKQdiaUpFT4bXlb1RHhLpp8wtm6M5TgSw==",
      "dev": true,
      "license": "Apache-2.0",
      "bin": {
        "tsc": "bin/tsc",
        "tsserver": "bin/tsserver"
      },
      "engines": {
        "node": ">=14.17"
      }
    },
    "node_modules/zod": {
      "version": "4.4.3",
      "resolved": "https://registry.npmjs.org/zod/-/zod-4.4.3.tgz",
      "integrity": "sha512-ytENFjIJFl2UwYglde2jchW2Hwm4GJFLDiSXWdTrJQBIN9Fcyp7n4DhxJEiWNAJMV1/BqWfW/kkg71UDcHJyTQ==",
      "dev": true,
      "license": "MIT",
      "funding": {
        "url": "https://github.com/sponsors/colinhacks"
      }
    }
  }
}
